github.com/adityatelange/hugo-PaperMod v0.0.0-20211226082210-c59193fc48c1 h1:HmaraxIM4cMJIqRs3VIx16ejPDaQ3eRGGx2GR9ftMEg=
github.com/adityatelange/hugo-PaperMod v0.0.0-20211226082210-c59193fc48c1/go.mod h1:HCHxNMKYdGafUYjVV3ICiAqznZK2yH0iI53jqcDFDdQ=
github.com/adityatelange/hugo-PaperMod v0.0.0-20250105143455-9f1f414be805 h1:gi6q4K4XngQJj1oCHJvIT9huDaW1PDcSvVR8/amBxLE=
github.com/adityatelange/hugo-PaperMod v0.0.0-20250105143455-9f1f414be805/go.mod h1:HCHxNMKYdGafUYjVV3ICiAqznZK2yH0iI53jqcDFDdQ=
github.com/adityatelange/hugo-PaperMod v0.0.0-20250524045829-5a4651783fa9 h1:vSOmKCogP6L4SV2eO7A2zgO7sdml4Ta7tZSd6ccOTmQ=
github.com/adityatelange/hugo-PaperMod v0.0.0-20250524045829-5a4651783fa9/go.mod h1:HCHxNMKYdGafUYjVV3ICiAqznZK2yH0iI53jqcDFDdQ=
